{
  "name": "vega-leaflet",
  "version": "1.0.0",
  "lockfileVersion": 1,
  "dependencies": {
    "leaflet": {
      "version": "1.0.3",
      "resolved": "https://registry.npmjs.org/leaflet/-/leaflet-1.0.3.tgz",
      "integrity": "sha1-H0AbmLRcgZITTGyNaWhiU4BQB8g="
    },
    "vega": {
      "version": "3.0.0-beta.34",
      "resolved": "https://registry.npmjs.org/vega/-/vega-3.0.0-beta.34.tgz",
      "integrity": "sha1-4H//D5Q1IB2+nF0+eSeHRNX2x5k="
    }
  }
}
